
Microsoft Visual Studio Solution File, Format Version 12.00
Project("{FAE04EC0-301F-11D3-BF4B-00C04F79EFBC}") = "decision_model_pickdrop", "decision_model_pickdrop\decision_model_pickdrop.csproj", "{0C105F1D-9012-416E-AD5A-4E2FE0B92C2E}"
EndProject
Global
	GlobalSection(SolutionConfigurationPlatforms) = preSolution
		Debug|Any CPU = Debug|Any CPU
		Release|Any CPU = Release|Any CPU
	EndGlobalSection
	GlobalSection(ProjectConfigurationPlatforms) = postSolution
		{0C105F1D-9012-416E-AD5A-4E2FE0B92C2E}.Debug|Any CPU.ActiveCfg = Debug|Any CPU
		{0C105F1D-9012-416E-AD5A-4E2FE0B92C2E}.Debug|Any CPU.Build.0 = Debug|Any CPU
		{0C105F1D-9012-416E-AD5A-4E2FE0B92C2E}.Release|Any CPU.ActiveCfg = Release|Any CPU
		{0C105F1D-9012-416E-AD5A-4E2FE0B92C2E}.Release|Any CPU.Build.0 = Release|Any CPU
	EndGlobalSection
EndGlobal
